
Microsoft Visual Studio Solution File, Format Version 12.00
# Visual Studio Version 16
VisualStudioVersion = 16.0.31313.79
MinimumVisualStudioVersion = 15.0.26124.0
Project("{2150E333-8FDC-42A3-9474-1A3956D46DE8}") = "01 - WebApi", "01 - WebApi", "{A3C435E2-5061-4EB7-B2EF-8D88648972AC}"
EndProject
Project("{2150E333-8FDC-42A3-9474-1A3956D46DE8}") = "02 - Domain", "02 - Domain", "{5F2257CA-326F-4954-B069-99C6A647C674}"
EndProject
Project("{2150E333-8FDC-42A3-9474-1A3956D46DE8}") = "03 - Application", "03 - Application", "{1ED89431-354B-49B3-9781-E8EF61A3BB41}"
EndProject
Project("{2150E333-8FDC-42A3-9474-1A3956D46DE8}") = "04 - Data", "04 - Data", "{3690872A-04DF-4E4C-B6AE-7F974CD1690F}"
EndProject
Project("{2150E333-8FDC-42A3-9474-1A3956D46DE8}") = "05 - Ioc", "05 - Ioc", "{2275A655-75E5-44ED-BB7A-9B41C6428E59}"
EndProject
Project("{9A19103F-16F7-4668-BE54-9A1E7A4F7556}") = "IoC", "IoC\IoC.csproj", "{88838026-25C6-4A2F-9451-09756E6E6DC4}"
EndProject
Project("{9A19103F-16F7-4668-BE54-9A1E7A4F7556}") = "Infra.Data", "Data\Infra.Data.csproj", "{E4BAF4CB-2D1F-4464-9105-6D8DE771ADBC}"
EndProject
Project("{9A19103F-16F7-4668-BE54-9A1E7A4F7556}") = "Application", "Application\Application.csproj", "{4998F693-1D4F-4795-8D47-C47EEC621044}"
EndProject
Project("{9A19103F-16F7-4668-BE54-9A1E7A4F7556}") = "Domain", "Domain\Domain.csproj", "{CCDB26F8-4DA4-4C4F-B669-CD1650DD6FED}"
EndProject
Project("{9A19103F-16F7-4668-BE54-9A1E7A4F7556}") = "WebApi", "Web\WebApi.csproj", "{7B0E65C8-47E7-4460-884E-2D027F7289AD}"
EndProject
Project("{FAE04EC0-301F-11D3-BF4B-00C04F79EFBC}") = "WebApiNet5", "WebApiNet5\WebApiNet5.csproj", "{1CD9AA12-2C67-4D3A-B250-A6EE0F8C5978}"
EndProject
Global
	GlobalSection(SolutionConfigurationPlatforms) = preSolution
		Debug|Any CPU = Debug|Any CPU
		Release|Any CPU = Release|Any CPU
	EndGlobalSection
	GlobalSection(ProjectConfigurationPlatforms) = postSolution
		{88838026-25C6-4A2F-9451-09756E6E6DC4}.Debug|Any CPU.ActiveCfg = Debug|Any CPU
		{88838026-25C6-4A2F-9451-09756E6E6DC4}.Debug|Any CPU.Build.0 = Debug|Any CPU
		{88838026-25C6-4A2F-9451-09756E6E6DC4}.Release|Any CPU.ActiveCfg = Release|Any CPU
		{88838026-25C6-4A2F-9451-09756E6E6DC4}.Release|Any CPU.Build.0 = Release|Any CPU
		{E4BAF4CB-2D1F-4464-9105-6D8DE771ADBC}.Debug|Any CPU.ActiveCfg = Debug|Any CPU
		{E4BAF4CB-2D1F-4464-9105-6D8DE771ADBC}.Debug|Any CPU.Build.0 = Debug|Any CPU
		{E4BAF4CB-2D1F-4464-9105-6D8DE771ADBC}.Release|Any CPU.ActiveCfg = Release|Any CPU
		{E4BAF4CB-2D1F-4464-9105-6D8DE771ADBC}.Release|Any CPU.Build.0 = Release|Any CPU
		{4998F693-1D4F-4795-8D47-C47EEC621044}.Debug|Any CPU.ActiveCfg = Debug|Any CPU
		{4998F693-1D4F-4795-8D47-C47EEC621044}.Debug|Any CPU.Build.0 = Debug|Any CPU
		{4998F693-1D4F-4795-8D47-C47EEC621044}.Release|Any CPU.ActiveCfg = Release|Any CPU
		{4998F693-1D4F-4795-8D47-C47EEC621044}.Release|Any CPU.Build.0 = Release|Any CPU
		{CCDB26F8-4DA4-4C4F-B669-CD1650DD6FED}.Debug|Any CPU.ActiveCfg = Debug|Any CPU
		{CCDB26F8-4DA4-4C4F-B669-CD1650DD6FED}.Debug|Any CPU.Build.0 = Debug|Any CPU
		{CCDB26F8-4DA4-4C4F-B669-CD1650DD6FED}.Release|Any CPU.ActiveCfg = Release|Any CPU
		{CCDB26F8-4DA4-4C4F-B669-CD1650DD6FED}.Release|Any CPU.Build.0 = Release|Any CPU
		{7B0E65C8-47E7-4460-884E-2D027F7289AD}.Debug|Any CPU.ActiveCfg = Debug|Any CPU
		{7B0E65C8-47E7-4460-884E-2D027F7289AD}.Debug|Any CPU.Build.0 = Debug|Any CPU
		{7B0E65C8-47E7-4460-884E-2D027F7289AD}.Release|Any CPU.ActiveCfg = Release|Any CPU
		{7B0E65C8-47E7-4460-884E-2D027F7289AD}.Release|Any CPU.Build.0 = Release|Any CPU
		{1CD9AA12-2C67-4D3A-B250-A6EE0F8C5978}.Debug|Any CPU.ActiveCfg = Debug|Any CPU
		{1CD9AA12-2C67-4D3A-B250-A6EE0F8C5978}.Debug|Any CPU.Build.0 = Debug|Any CPU
		{1CD9AA12-2C67-4D3A-B250-A6EE0F8C5978}.Release|Any CPU.ActiveCfg = Release|Any CPU
		{1CD9AA12-2C67-4D3A-B250-A6EE0F8C5978}.Release|Any CPU.Build.0 = Release|Any CPU
	EndGlobalSection
	GlobalSection(SolutionProperties) = preSolution
		HideSolutionNode = FALSE
	EndGlobalSection
	GlobalSection(NestedProjects) = preSolution
		{88838026-25C6-4A2F-9451-09756E6E6DC4} = {2275A655-75E5-44ED-BB7A-9B41C6428E59}
		{E4BAF4CB-2D1F-4464-9105-6D8DE771ADBC} = {3690872A-04DF-4E4C-B6AE-7F974CD1690F}
		{4998F693-1D4F-4795-8D47-C47EEC621044} = {1ED89431-354B-49B3-9781-E8EF61A3BB41}
		{CCDB26F8-4DA4-4C4F-B669-CD1650DD6FED} = {5F2257CA-326F-4954-B069-99C6A647C674}
		{7B0E65C8-47E7-4460-884E-2D027F7289AD} = {A3C435E2-5061-4EB7-B2EF-8D88648972AC}
		{1CD9AA12-2C67-4D3A-B250-A6EE0F8C5978} = {A3C435E2-5061-4EB7-B2EF-8D88648972AC}
	EndGlobalSection
	GlobalSection(ExtensibilityGlobals) = postSolution
		SolutionGuid = {C249235D-91B6-480D-A3EE-CB7508FA4374}
	EndGlobalSection
EndGlobal
